
Microsoft Visual Studio Solution File, Format Version 12.00
# Visual Studio Version 16
VisualStudioVersion = 16.0.30114.105
MinimumVisualStudioVersion = 10.0.40219.1
Project("{FAE04EC0-301F-11D3-BF4B-00C04F79EFBC}") = "BowlingGame", "BowlingGame\BowlingGame.csproj", "{3D1FADC9-1239-4266-A37E-992B274E1D28}"
EndProject
Project("{FAE04EC0-301F-11D3-BF4B-00C04F79EFBC}") = "BowlingGame.Tests", "BowlingGame.Tests\BowlingGame.Tests.csproj", "{71E42FD5-0D49-4854-8E3B-228566BCE682}"
EndProject
Global
	GlobalSection(SolutionConfigurationPlatforms) = preSolution
		Debug|Any CPU = Debug|Any CPU
		Release|Any CPU = Release|Any CPU
	EndGlobalSection
	GlobalSection(SolutionProperties) = preSolution
		HideSolutionNode = FALSE
	EndGlobalSection
	GlobalSection(ProjectConfigurationPlatforms) = postSolution
		{3D1FADC9-1239-4266-A37E-992B274E1D28}.Debug|Any CPU.ActiveCfg = Debug|Any CPU
		{3D1FADC9-1239-4266-A37E-992B274E1D28}.Debug|Any CPU.Build.0 = Debug|Any CPU
		{3D1FADC9-1239-4266-A37E-992B274E1D28}.Release|Any CPU.ActiveCfg = Release|Any CPU
		{3D1FADC9-1239-4266-A37E-992B274E1D28}.Release|Any CPU.Build.0 = Release|Any CPU
		{71E42FD5-0D49-4854-8E3B-228566BCE682}.Debug|Any CPU.ActiveCfg = Debug|Any CPU
		{71E42FD5-0D49-4854-8E3B-228566BCE682}.Debug|Any CPU.Build.0 = Debug|Any CPU
		{71E42FD5-0D49-4854-8E3B-228566BCE682}.Release|Any CPU.ActiveCfg = Release|Any CPU
		{71E42FD5-0D49-4854-8E3B-228566BCE682}.Release|Any CPU.Build.0 = Release|Any CPU
	EndGlobalSection
EndGlobal
